---


source_files: [../src/snakeblock.S]
hooks:
  - name: AutoStartSnakeBlock #Also contains the Event-triggered start
    type: branch_insn
    branch_type: b
    src_addr_pal: 0x80AA83D0
    target_func: 'AutoStartSnakeBlock'

  - name: SnakeBlockLoop1
    type: branch_insn
    branch_type: b
    src_addr_pal: 0x80AA7C0C
    target_func: 'SnakeBlockLoop1'

  - name: SnakeBlockLoop2
    type: branch_insn
    branch_type: b
    src_addr_pal: 0x80AA8134
    target_func: 'SnakeBlockLoop2'

  - name: SnakeBlockLoop3
    type: branch_insn
    branch_type: b
    src_addr_pal: 0x80AA7450
    target_func: 'SnakeBlockLoop3'

  # - name: SnakeBlockBackwards
  #   type: branch_insn
  #   branch_type: b
  #   src_addr_pal: 0x80AA7400
  #   target_func: 'SnakeBlockBackwards'

  - name: ExtendSnakeBlockClass
    type: patch
    addr_pal: 0x80AA67E8
    data: '38602B48' #Old: 38602B40

  - name: StoreIsLoopToR9_1
    type: branch_insn
    branch_type: b
    src_addr_pal: 0x80AA859C
    target_func: 'StoreIsLoopToR9_1'

  - name: StoreIsLoopToR9_2 #NoSFX also included here
    type: branch_insn
    branch_type: b
    src_addr_pal: 0x80AA85AC
    target_func: 'StoreIsLoopToR9_2'

  - name: FixNonSlowCrash
    type: patch
    addr_pal: 0x80AA8688
    data: '2C170002' #Old: 7C170000

  - name: OtherDirectionsSpawn
    type: branch_insn
    branch_type: b
    src_addr_pal: 0x80AA7898
    target_func: 'otherDirectionsSpawn'

  - name: AdjustSpawnPosition
    type: branch_insn
    branch_type: b
    src_addr_pal: 0x80AA6F34
    target_func: 'adjustSpawnPosition'

  - name: DoNotMoveIfEvent
    type: branch_insn
    branch_type: b
    src_addr_pal: 0x80AA72C0
    target_func: 'doNotMoveIfEvent'

  - name: MakeTIBTwiceAsBig
    type: branch_insn
    branch_type: b
    src_addr_pal: 0x80AA7C14
    target_func: 'MakeTIBTwiceAsBig'

  - name: CreateBackwardsData
    type: branch_insn
    branch_type: bl
    src_addr_pal: 0x80AA8150 
    target_func: 'CreateBackwardsData'

  # - name: UpdateSnakeBlockSpriteInfo
  #   type: patch
  #   # 0x8030A340 + sprite num * 0x28 == offset
  #   addr_pal: 0x8030bd30
  #   #      -ID- ----  -X Offs- -Y Offs-  -RectX1- -RectY1- -RectX2- -RectY2-  -1C- -1E- -20- -22-  Flag ----
  #   #Orig: 01F4 0000  00000000 00000000  00000000 00000000 00000080 00000008  0000 0000 0000 0000  0000 0000
  #   data: '01F4 0000  00000000 00000000  00000000 00000000 00000080 00000008  0000 0000 0000 0000  0002 0000'